// !$*UTF8*$!
{
	archiveVersion = 1;
	classes = {
	};
	objectVersion = 50;
	objects = {

/* Begin PBXBuildFile section */
		6A6EBF0F5309C93D269C61A5 /* Pods_ShuttleBusTests.framework in Frameworks */ = {isa = PBXBuildFile; fileRef = 0124BEC6D65129FB28DA54C4 /* Pods_ShuttleBusTests.framework */; };
		B4BD9D83673E8F1ACACF7820 /* Pods_ShuttleBus.framework in Frameworks */ = {isa = PBXBuildFile; fileRef = 4090C64177C3E1AA64D49F8E /* Pods_ShuttleBus.framework */; };
		C11154E420AD52420035ACEB /* AppDelegate.swift in Sources */ = {isa = PBXBuildFile; fileRef = C11154E320AD52420035ACEB /* AppDelegate.swift */; };
		C11154E620AD52420035ACEB /* BusStopViewController.swift in Sources */ = {isa = PBXBuildFile; fileRef = C11154E520AD52420035ACEB /* BusStopViewController.swift */; };
		C11154E920AD52420035ACEB /* Main.storyboard in Resources */ = {isa = PBXBuildFile; fileRef = C11154E720AD52420035ACEB /* Main.storyboard */; };
		C11154EB20AD52430035ACEB /* Assets.xcassets in Resources */ = {isa = PBXBuildFile; fileRef = C11154EA20AD52430035ACEB /* Assets.xcassets */; };
		C11154EE20AD52430035ACEB /* LaunchScreen.storyboard in Resources */ = {isa = PBXBuildFile; fileRef = C11154EC20AD52430035ACEB /* LaunchScreen.storyboard */; };
		C11154F920AD52430035ACEB /* ShuttleBusTests.swift in Sources */ = {isa = PBXBuildFile; fileRef = C11154F820AD52430035ACEB /* ShuttleBusTests.swift */; };
		C111550820AD552A0035ACEB /* BusStop.swift in Sources */ = {isa = PBXBuildFile; fileRef = C111550720AD552A0035ACEB /* BusStop.swift */; };
		C111550A20AD56B50035ACEB /* BusStopsResult.swift in Sources */ = {isa = PBXBuildFile; fileRef = C111550920AD56B50035ACEB /* BusStopsResult.swift */; };
		C111550C20AD576D0035ACEB /* BusStopListAPI.swift in Sources */ = {isa = PBXBuildFile; fileRef = C111550B20AD576D0035ACEB /* BusStopListAPI.swift */; };
		C111550F20AD58B60035ACEB /* ShuttleBusAPI.swift in Sources */ = {isa = PBXBuildFile; fileRef = C111550E20AD58B60035ACEB /* ShuttleBusAPI.swift */; };
/* End PBXBuildFile section */

/* Begin PBXContainerItemProxy section */
		C11154F520AD52430035ACEB /* PBXContainerItemProxy */ = {
			isa = PBXContainerItemProxy;
			containerPortal = C11154D820AD52420035ACEB /* Project object */;
			proxyType = 1;
			remoteGlobalIDString = C11154DF20AD52420035ACEB;
			remoteInfo = ShuttleBus;
		};
/* End PBXContainerItemProxy section */

/* Begin PBXFileReference section */
		0124BEC6D65129FB28DA54C4 /* Pods_ShuttleBusTests.framework */ = {isa = PBXFileReference; explicitFileType = wrapper.framework; includeInIndex = 0; path = Pods_ShuttleBusTests.framework; sourceTree = BUILT_PRODUCTS_DIR; };
		4090C64177C3E1AA64D49F8E /* Pods_ShuttleBus.framework */ = {isa = PBXFileReference; explicitFileType = wrapper.framework; includeInIndex = 0; path = Pods_ShuttleBus.framework; sourceTree = BUILT_PRODUCTS_DIR; };
		4A78A1D1D8D8FB8C877FAC75 /* Pods-ShuttleBusTests.debug.xcconfig */ = {isa = PBXFileReference; includeInIndex = 1; lastKnownFileType = text.xcconfig; name = "Pods-ShuttleBusTests.debug.xcconfig"; path = "Pods/Target Support Files/Pods-ShuttleBusTests/Pods-ShuttleBusTests.debug.xcconfig"; sourceTree = "<group>"; };
		61677AF236F2B41AA7B36CDD /* Pods-ShuttleBusTests.release.xcconfig */ = {isa = PBXFileReference; includeInIndex = 1; lastKnownFileType = text.xcconfig; name = "Pods-ShuttleBusTests.release.xcconfig"; path = "Pods/Target Support Files/Pods-ShuttleBusTests/Pods-ShuttleBusTests.release.xcconfig"; sourceTree = "<group>"; };
		A35B46493B097A4CBD3FCA78 /* Pods-ShuttleBus.release.xcconfig */ = {isa = PBXFileReference; includeInIndex = 1; lastKnownFileType = text.xcconfig; name = "Pods-ShuttleBus.release.xcconfig"; path = "Pods/Target Support Files/Pods-ShuttleBus/Pods-ShuttleBus.release.xcconfig"; sourceTree = "<group>"; };
		C11154E020AD52420035ACEB /* ShuttleBus.app */ = {isa = PBXFileReference; explicitFileType = wrapper.application; includeInIndex = 0; path = ShuttleBus.app; sourceTree = BUILT_PRODUCTS_DIR; };
		C11154E320AD52420035ACEB /* AppDelegate.swift */ = {isa = PBXFileReference; lastKnownFileType = sourcecode.swift; path = AppDelegate.swift; sourceTree = "<group>"; };
		C11154E520AD52420035ACEB /* BusStopViewController.swift */ = {isa = PBXFileReference; lastKnownFileType = sourcecode.swift; path = BusStopViewController.swift; sourceTree = "<group>"; };
		C11154E820AD52420035ACEB /* Base */ = {isa = PBXFileReference; lastKnownFileType = file.storyboard; name = Base; path = Base.lproj/Main.storyboard; sourceTree = "<group>"; };
		C11154EA20AD52430035ACEB /* Assets.xcassets */ = {isa = PBXFileReference; lastKnownFileType = folder.assetcatalog; path = Assets.xcassets; sourceTree = "<group>"; };
		C11154ED20AD52430035ACEB /* Base */ = {isa = PBXFileReference; lastKnownFileType = file.storyboard; name = Base; path = Base.lproj/LaunchScreen.storyboard; sourceTree = "<group>"; };
		C11154EF20AD52430035ACEB /* Info.plist */ = {isa = PBXFileReference; lastKnownFileType = text.plist.xml; path = Info.plist; sourceTree = "<group>"; };
		C11154F420AD52430035ACEB /* ShuttleBusTests.xctest */ = {isa = PBXFileReference; explicitFileType = wrapper.cfbundle; includeInIndex = 0; path = ShuttleBusTests.xctest; sourceTree = BUILT_PRODUCTS_DIR; };
		C11154F820AD52430035ACEB /* ShuttleBusTests.swift */ = {isa = PBXFileReference; lastKnownFileType = sourcecode.swift; path = ShuttleBusTests.swift; sourceTree = "<group>"; };
		C11154FA20AD52430035ACEB /* Info.plist */ = {isa = PBXFileReference; lastKnownFileType = text.plist.xml; path = Info.plist; sourceTree = "<group>"; };
		C111550720AD552A0035ACEB /* BusStop.swift */ = {isa = PBXFileReference; lastKnownFileType = sourcecode.swift; path = BusStop.swift; sourceTree = "<group>"; };
		C111550920AD56B50035ACEB /* BusStopsResult.swift */ = {isa = PBXFileReference; lastKnownFileType = sourcecode.swift; path = BusStopsResult.swift; sourceTree = "<group>"; };
		C111550B20AD576D0035ACEB /* BusStopListAPI.swift */ = {isa = PBXFileReference; lastKnownFileType = sourcecode.swift; path = BusStopListAPI.swift; sourceTree = "<group>"; };
		C111550E20AD58B60035ACEB /* ShuttleBusAPI.swift */ = {isa = PBXFileReference; lastKnownFileType = sourcecode.swift; path = ShuttleBusAPI.swift; sourceTree = "<group>"; };
		E48581FC94F6675E4BD02744 /* Pods-ShuttleBus.debug.xcconfig */ = {isa = PBXFileReference; includeInIndex = 1; lastKnownFileType = text.xcconfig; name = "Pods-ShuttleBus.debug.xcconfig"; path = "Pods/Target Support Files/Pods-ShuttleBus/Pods-ShuttleBus.debug.xcconfig"; sourceTree = "<group>"; };
/* End PBXFileReference section */

/* Begin PBXFrameworksBuildPhase section */
		C11154DD20AD52420035ACEB /* Frameworks */ = {
			isa = PBXFrameworksBuildPhase;
			buildActionMask = 2147483647;
			files = (
				B4BD9D83673E8F1ACACF7820 /* Pods_ShuttleBus.framework in Frameworks */,
			);
			runOnlyForDeploymentPostprocessing = 0;
		};
		C11154F120AD52430035ACEB /* Frameworks */ = {
			isa = PBXFrameworksBuildPhase;
			buildActionMask = 2147483647;
			files = (
				6A6EBF0F5309C93D269C61A5 /* Pods_ShuttleBusTests.framework in Frameworks */,
			);
			runOnlyForDeploymentPostprocessing = 0;
		};
/* End PBXFrameworksBuildPhase section */

/* Begin PBXGroup section */
		063F3F0F6555381DBF3015B3 /* Frameworks */ = {
			isa = PBXGroup;
			children = (
				4090C64177C3E1AA64D49F8E /* Pods_ShuttleBus.framework */,
				0124BEC6D65129FB28DA54C4 /* Pods_ShuttleBusTests.framework */,
			);
			name = Frameworks;
			sourceTree = "<group>";
		};
		A267D2EA74DDCEE26B7E975F /* Pods */ = {
			isa = PBXGroup;
			children = (
				E48581FC94F6675E4BD02744 /* Pods-ShuttleBus.debug.xcconfig */,
				A35B46493B097A4CBD3FCA78 /* Pods-ShuttleBus.release.xcconfig */,
				4A78A1D1D8D8FB8C877FAC75 /* Pods-ShuttleBusTests.debug.xcconfig */,
				61677AF236F2B41AA7B36CDD /* Pods-ShuttleBusTests.release.xcconfig */,
			);
			name = Pods;
			sourceTree = "<group>";
		};
		C11154D720AD52420035ACEB = {
			isa = PBXGroup;
			children = (
				C11154E220AD52420035ACEB /* ShuttleBus */,
				C11154F720AD52430035ACEB /* ShuttleBusTests */,
				C11154E120AD52420035ACEB /* Products */,
				A267D2EA74DDCEE26B7E975F /* Pods */,
				063F3F0F6555381DBF3015B3 /* Frameworks */,
			);
			sourceTree = "<group>";
		};
		C11154E120AD52420035ACEB /* Products */ = {
			isa = PBXGroup;
			children = (
				C11154E020AD52420035ACEB /* ShuttleBus.app */,
				C11154F420AD52430035ACEB /* ShuttleBusTests.xctest */,
			);
			name = Products;
			sourceTree = "<group>";
		};
		C11154E220AD52420035ACEB /* ShuttleBus */ = {
			isa = PBXGroup;
			children = (
				C111550D20AD58900035ACEB /* Network */,
				C111550620AD54E10035ACEB /* StoryBoard */,
				C111550520AD54C90035ACEB /* ViewController */,
				C111550420AD54BE0035ACEB /* View */,
				C111550320AD54B70035ACEB /* Model */,
				C11154E320AD52420035ACEB /* AppDelegate.swift */,
				C11154EA20AD52430035ACEB /* Assets.xcassets */,
				C11154EF20AD52430035ACEB /* Info.plist */,
			);
			path = ShuttleBus;
			sourceTree = "<group>";
		};
		C11154F720AD52430035ACEB /* ShuttleBusTests */ = {
			isa = PBXGroup;
			children = (
				C11154F820AD52430035ACEB /* ShuttleBusTests.swift */,
				C11154FA20AD52430035ACEB /* Info.plist */,
			);
			path = ShuttleBusTests;
			sourceTree = "<group>";
		};
		C111550320AD54B70035ACEB /* Model */ = {
			isa = PBXGroup;
			children = (
				C111550720AD552A0035ACEB /* BusStop.swift */,
				C111550920AD56B50035ACEB /* BusStopsResult.swift */,
				C111550B20AD576D0035ACEB /* BusStopListAPI.swift */,
			);
			path = Model;
			sourceTree = "<group>";
		};
		C111550420AD54BE0035ACEB /* View */ = {
			isa = PBXGroup;
			children = (
			);
			path = View;
			sourceTree = "<group>";
		};
		C111550520AD54C90035ACEB /* ViewController */ = {
			isa = PBXGroup;
			children = (
				C11154E520AD52420035ACEB /* BusStopViewController.swift */,
			);
			path = ViewController;
			sourceTree = "<group>";
		};
		C111550620AD54E10035ACEB /* StoryBoard */ = {
			isa = PBXGroup;
			children = (
				C11154E720AD52420035ACEB /* Main.storyboard */,
				C11154EC20AD52430035ACEB /* LaunchScreen.storyboard */,
			);
			path = StoryBoard;
			sourceTree = "<group>";
		};
		C111550D20AD58900035ACEB /* Network */ = {
			isa = PBXGroup;
			children = (
				C111550E20AD58B60035ACEB /* ShuttleBusAPI.swift */,
			);
			path = Network;
			sourceTree = "<group>";
		};
/* End PBXGroup section */

/* Begin PBXNativeTarget section */
		C11154DF20AD52420035ACEB /* ShuttleBus */ = {
			isa = PBXNativeTarget;
			buildConfigurationList = C11154FD20AD52430035ACEB /* Build configuration list for PBXNativeTarget "ShuttleBus" */;
			buildPhases = (
				EAC01E410CC36F84A6275F28 /* [CP] Check Pods Manifest.lock */,
				C11154DC20AD52420035ACEB /* Sources */,
				C11154DD20AD52420035ACEB /* Frameworks */,
				C11154DE20AD52420035ACEB /* Resources */,
				43AD710F71F5DCAFFC97754F /* [CP] Embed Pods Frameworks */,
			);
			buildRules = (
			);
			dependencies = (
			);
			name = ShuttleBus;
			productName = ShuttleBus;
			productReference = C11154E020AD52420035ACEB /* ShuttleBus.app */;
			productType = "com.apple.product-type.application";
		};
		C11154F320AD52430035ACEB /* ShuttleBusTests */ = {
			isa = PBXNativeTarget;
			buildConfigurationList = C111550020AD52430035ACEB /* Build configuration list for PBXNativeTarget "ShuttleBusTests" */;
			buildPhases = (
				1528E3F7BF3E876DB66189A1 /* [CP] Check Pods Manifest.lock */,
				C11154F020AD52430035ACEB /* Sources */,
				C11154F120AD52430035ACEB /* Frameworks */,
				C11154F220AD52430035ACEB /* Resources */,
			);
			buildRules = (
			);
			dependencies = (
				C11154F620AD52430035ACEB /* PBXTargetDependency */,
			);
			name = ShuttleBusTests;
			productName = ShuttleBusTests;
			productReference = C11154F420AD52430035ACEB /* ShuttleBusTests.xctest */;
			productType = "com.apple.product-type.bundle.unit-test";
		};
/* End PBXNativeTarget section */

/* Begin PBXProject section */
		C11154D820AD52420035ACEB /* Project object */ = {
			isa = PBXProject;
			attributes = {
				LastSwiftUpdateCheck = 0930;
				LastUpgradeCheck = 0930;
				ORGANIZATIONNAME = "Muchamad Chozinul Amri";
				TargetAttributes = {
					C11154DF20AD52420035ACEB = {
						CreatedOnToolsVersion = 9.3;
					};
					C11154F320AD52430035ACEB = {
						CreatedOnToolsVersion = 9.3;
						TestTargetID = C11154DF20AD52420035ACEB;
					};
				};
			};
			buildConfigurationList = C11154DB20AD52420035ACEB /* Build configuration list for PBXProject "ShuttleBus" */;
			compatibilityVersion = "Xcode 9.3";
			developmentRegion = en;
			hasScannedForEncodings = 0;
			knownRegions = (
				en,
				Base,
			);
			mainGroup = C11154D720AD52420035ACEB;
			productRefGroup = C11154E120AD52420035ACEB /* Products */;
			projectDirPath = "";
			projectRoot = "";
			targets = (
				C11154DF20AD52420035ACEB /* ShuttleBus */,
				C11154F320AD52430035ACEB /* ShuttleBusTests */,
			);
		};
/* End PBXProject section */

/* Begin PBXResourcesBuildPhase section */
		C11154DE20AD52420035ACEB /* Resources */ = {
			isa = PBXResourcesBuildPhase;
			buildActionMask = 2147483647;
			files = (
				C11154EE20AD52430035ACEB /* LaunchScreen.storyboard in Resources */,
				C11154EB20AD52430035ACEB /* Assets.xcassets in Resources */,
				C11154E920AD52420035ACEB /* Main.storyboard in Resources */,
			);
			runOnlyForDeploymentPostprocessing = 0;
		};
		C11154F220AD52430035ACEB /* Resources */ = {
			isa = PBXResourcesBuildPhase;
			buildActionMask = 2147483647;
			files = (
			);
			runOnlyForDeploymentPostprocessing = 0;
		};
/* End PBXResourcesBuildPhase section */

/* Begin PBXShellScriptBuildPhase section */
		1528E3F7BF3E876DB66189A1 /* [CP] Check Pods Manifest.lock */ = {
			isa = PBXShellScriptBuildPhase;
			buildActionMask = 2147483647;
			files = (
			);
			inputPaths = (
				"${PODS_PODFILE_DIR_PATH}/Podfile.lock",
				"${PODS_ROOT}/Manifest.lock",
			);
			name = "[CP] Check Pods Manifest.lock";
			outputPaths = (
				"$(DERIVED_FILE_DIR)/Pods-ShuttleBusTests-checkManifestLockResult.txt",
			);
			runOnlyForDeploymentPostprocessing = 0;
			shellPath = /bin/sh;
			shellScript = "diff \"${PODS_PODFILE_DIR_PATH}/Podfile.lock\" \"${PODS_ROOT}/Manifest.lock\" > /dev/null\nif [ $? != 0 ] ; then\n    # print error to STDERR\n    echo \"error: The sandbox is not in sync with the Podfile.lock. Run 'pod install' or update your CocoaPods installation.\" >&2\n    exit 1\nfi\n# This output is used by Xcode 'outputs' to avoid re-running this script phase.\necho \"SUCCESS\" > \"${SCRIPT_OUTPUT_FILE_0}\"\n";
			showEnvVarsInLog = 0;
		};
		43AD710F71F5DCAFFC97754F /* [CP] Embed Pods Frameworks */ = {
			isa = PBXShellScriptBuildPhase;
			buildActionMask = 2147483647;
			files = (
			);
			inputPaths = (
				"${SRCROOT}/Pods/Target Support Files/Pods-ShuttleBus/Pods-ShuttleBus-frameworks.sh",
				"${BUILT_PRODUCTS_DIR}/Alamofire/Alamofire.framework",
				"${BUILT_PRODUCTS_DIR}/AlamofireObjectMapper/AlamofireObjectMapper.framework",
				"${BUILT_PRODUCTS_DIR}/ObjectMapper/ObjectMapper.framework",
			);
			name = "[CP] Embed Pods Frameworks";
			outputPaths = (
				"${TARGET_BUILD_DIR}/${FRAMEWORKS_FOLDER_PATH}/Alamofire.framework",
				"${TARGET_BUILD_DIR}/${FRAMEWORKS_FOLDER_PATH}/AlamofireObjectMapper.framework",
				"${TARGET_BUILD_DIR}/${FRAMEWORKS_FOLDER_PATH}/ObjectMapper.framework",
			);
			runOnlyForDeploymentPostprocessing = 0;
			shellPath = /bin/sh;
			shellScript = "\"${SRCROOT}/Pods/Target Support Files/Pods-ShuttleBus/Pods-ShuttleBus-frameworks.sh\"\n";
			showEnvVarsInLog = 0;
		};
		EAC01E410CC36F84A6275F28 /* [CP] Check Pods Manifest.lock */ = {
			isa = PBXShellScriptBuildPhase;
			buildActionMask = 2147483647;
			files = (
			);
			inputPaths = (
				"${PODS_PODFILE_DIR_PATH}/Podfile.lock",
				"${PODS_ROOT}/Manifest.lock",
			);
			name = "[CP] Check Pods Manifest.lock";
			outputPaths = (
				"$(DERIVED_FILE_DIR)/Pods-ShuttleBus-checkManifestLockResult.txt",
			);
			runOnlyForDeploymentPostprocessing = 0;
			shellPath = /bin/sh;
			shellScript = "diff \"${PODS_PODFILE_DIR_PATH}/Podfile.lock\" \"${PODS_ROOT}/Manifest.lock\" > /dev/null\nif [ $? != 0 ] ; then\n    # print error to STDERR\n    echo \"error: The sandbox is not in sync with the Podfile.lock. Run 'pod install' or update your CocoaPods installation.\" >&2\n    exit 1\nfi\n# This output is used by Xcode 'outputs' to avoid re-running this script phase.\necho \"SUCCESS\" > \"${SCRIPT_OUTPUT_FILE_0}\"\n";
			showEnvVarsInLog = 0;
		};
/* End PBXShellScriptBuildPhase section */

/* Begin PBXSourcesBuildPhase section */
		C11154DC20AD52420035ACEB /* Sources */ = {
			isa = PBXSourcesBuildPhase;
			buildActionMask = 2147483647;
			files = (
				C111550820AD552A0035ACEB /* BusStop.swift in Sources */,
				C111550C20AD576D0035ACEB /* BusStopListAPI.swift in Sources */,
				C111550F20AD58B60035ACEB /* ShuttleBusAPI.swift in Sources */,
				C111550A20AD56B50035ACEB /* BusStopsResult.swift in Sources */,
				C11154E620AD52420035ACEB /* BusStopViewController.swift in Sources */,
				C11154E420AD52420035ACEB /* AppDelegate.swift in Sources */,
			);
			runOnlyForDeploymentPostprocessing = 0;
		};
		C11154F020AD52430035ACEB /* Sources */ = {
			isa = PBXSourcesBuildPhase;
			buildActionMask = 2147483647;
			files = (
				C11154F920AD52430035ACEB /* ShuttleBusTests.swift in Sources */,
			);
			runOnlyForDeploymentPostprocessing = 0;
		};
/* End PBXSourcesBuildPhase section */

/* Begin PBXTargetDependency section */
		C11154F620AD52430035ACEB /* PBXTargetDependency */ = {
			isa = PBXTargetDependency;
			target = C11154DF20AD52420035ACEB /* ShuttleBus */;
			targetProxy = C11154F520AD52430035ACEB /* PBXContainerItemProxy */;
		};
/* End PBXTargetDependency section */

/* Begin PBXVariantGroup section */
		C11154E720AD52420035ACEB /* Main.storyboard */ = {
			isa = PBXVariantGroup;
			children = (
				C11154E820AD52420035ACEB /* Base */,
			);
			name = Main.storyboard;
			sourceTree = "<group>";
		};
		C11154EC20AD52430035ACEB /* LaunchScreen.storyboard */ = {
			isa = PBXVariantGroup;
			children = (
				C11154ED20AD52430035ACEB /* Base */,
			);
			name = LaunchScreen.storyboard;
			sourceTree = "<group>";
		};
/* End PBXVariantGroup section */

/* Begin XCBuildConfiguration section */
		C11154FB20AD52430035ACEB /* Debug */ = {
			isa = XCBuildConfiguration;
			buildSettings = {
				ALWAYS_SEARCH_USER_PATHS = NO;
				CLANG_ANALYZER_NONNULL = YES;
				CLANG_ANALYZER_NUMBER_OBJECT_CONVERSION = YES_AGGRESSIVE;
				CLANG_CXX_LANGUAGE_STANDARD = "gnu++14";
				CLANG_CXX_LIBRARY = "libc++";
				CLANG_ENABLE_MODULES = YES;
				CLANG_ENABLE_OBJC_ARC = YES;
				CLANG_ENABLE_OBJC_WEAK = YES;
				CLANG_WARN_BLOCK_CAPTURE_AUTORELEASING = YES;
				CLANG_WARN_BOOL_CONVERSION = YES;
				CLANG_WARN_COMMA = YES;
				CLANG_WARN_CONSTANT_CONVERSION = YES;
				CLANG_WARN_DEPRECATED_OBJC_IMPLEMENTATIONS = YES;
				CLANG_WARN_DIRECT_OBJC_ISA_USAGE = YES_ERROR;
				CLANG_WARN_DOCUMENTATION_COMMENTS = YES;
				CLANG_WARN_EMPTY_BODY = YES;
				CLANG_WARN_ENUM_CONVERSION = YES;
				CLANG_WARN_INFINITE_RECURSION = YES;
				CLANG_WARN_INT_CONVERSION = YES;
				CLANG_WARN_NON_LITERAL_NULL_CONVERSION = YES;
				CLANG_WARN_OBJC_IMPLICIT_RETAIN_SELF = YES;
				CLANG_WARN_OBJC_LITERAL_CONVERSION = YES;
				CLANG_WARN_OBJC_ROOT_CLASS = YES_ERROR;
				CLANG_WARN_RANGE_LOOP_ANALYSIS = YES;
				CLANG_WARN_STRICT_PROTOTYPES = YES;
				CLANG_WARN_SUSPICIOUS_MOVE = YES;
				CLANG_WARN_UNGUARDED_AVAILABILITY = YES_AGGRESSIVE;
				CLANG_WARN_UNREACHABLE_CODE = YES;
				CLANG_WARN__DUPLICATE_METHOD_MATCH = YES;
				CODE_SIGN_IDENTITY = "iPhone Developer";
				COPY_PHASE_STRIP = NO;
				DEBUG_INFORMATION_FORMAT = dwarf;
				ENABLE_STRICT_OBJC_MSGSEND = YES;
				ENABLE_TESTABILITY = YES;
				GCC_C_LANGUAGE_STANDARD = gnu11;
				GCC_DYNAMIC_NO_PIC = NO;
				GCC_NO_COMMON_BLOCKS = YES;
				GCC_OPTIMIZATION_LEVEL = 0;
				GCC_PREPROCESSOR_DEFINITIONS = (
					"DEBUG=1",
					"$(inherited)",
				);
				GCC_WARN_64_TO_32_BIT_CONVERSION = YES;
				GCC_WARN_ABOUT_RETURN_TYPE = YES_ERROR;
				GCC_WARN_UNDECLARED_SELECTOR = YES;
				GCC_WARN_UNINITIALIZED_AUTOS = YES_AGGRESSIVE;
				GCC_WARN_UNUSED_FUNCTION = YES;
				GCC_WARN_UNUSED_VARIABLE = YES;
				IPHONEOS_DEPLOYMENT_TARGET = 11.3;
				MTL_ENABLE_DEBUG_INFO = YES;
				ONLY_ACTIVE_ARCH = YES;
				SDKROOT = iphoneos;
				SWIFT_ACTIVE_COMPILATION_CONDITIONS = DEBUG;
				SWIFT_OPTIMIZATION_LEVEL = "-Onone";
			};
			name = Debug;
		};
		C11154FC20AD52430035ACEB /* Release */ = {
			isa = XCBuildConfiguration;
			buildSettings = {
				ALWAYS_SEARCH_USER_PATHS = NO;
				CLANG_ANALYZER_NONNULL = YES;
				CLANG_ANALYZER_NUMBER_OBJECT_CONVERSION = YES_AGGRESSIVE;
				CLANG_CXX_LANGUAGE_STANDARD = "gnu++14";
				CLANG_CXX_LIBRARY = "libc++";
				CLANG_ENABLE_MODULES = YES;
				CLANG_ENABLE_OBJC_ARC = YES;
				CLANG_ENABLE_OBJC_WEAK = YES;
				CLANG_WARN_BLOCK_CAPTURE_AUTORELEASING = YES;
				CLANG_WARN_BOOL_CONVERSION = YES;
				CLANG_WARN_COMMA = YES;
				CLANG_WARN_CONSTANT_CONVERSION = YES;
				CLANG_WARN_DEPRECATED_OBJC_IMPLEMENTATIONS = YES;
				CLANG_WARN_DIRECT_OBJC_ISA_USAGE = YES_ERROR;
				CLANG_WARN_DOCUMENTATION_COMMENTS = YES;
				CLANG_WARN_EMPTY_BODY = YES;
				CLANG_WARN_ENUM_CONVERSION = YES;
				CLANG_WARN_INFINITE_RECURSION = YES;
				CLANG_WARN_INT_CONVERSION = YES;
				CLANG_WARN_NON_LITERAL_NULL_CONVERSION = YES;
				CLANG_WARN_OBJC_IMPLICIT_RETAIN_SELF = YES;
				CLANG_WARN_OBJC_LITERAL_CONVERSION = YES;
				CLANG_WARN_OBJC_ROOT_CLASS = YES_ERROR;
				CLANG_WARN_RANGE_LOOP_ANALYSIS = YES;
				CLANG_WARN_STRICT_PROTOTYPES = YES;
				CLANG_WARN_SUSPICIOUS_MOVE = YES;
				CLANG_WARN_UNGUARDED_AVAILABILITY = YES_AGGRESSIVE;
				CLANG_WARN_UNREACHABLE_CODE = YES;
				CLANG_WARN__DUPLICATE_METHOD_MATCH = YES;
				CODE_SIGN_IDENTITY = "iPhone Developer";
				COPY_PHASE_STRIP = NO;
				DEBUG_INFORMATION_FORMAT = "dwarf-with-dsym";
				ENABLE_NS_ASSERTIONS = NO;
				ENABLE_STRICT_OBJC_MSGSEND = YES;
				GCC_C_LANGUAGE_STANDARD = gnu11;
				GCC_NO_COMMON_BLOCKS = YES;
				GCC_WARN_64_TO_32_BIT_CONVERSION = YES;
				GCC_WARN_ABOUT_RETURN_TYPE = YES_ERROR;
				GCC_WARN_UNDECLARED_SELECTOR = YES;
				GCC_WARN_UNINITIALIZED_AUTOS = YES_AGGRESSIVE;
				GCC_WARN_UNUSED_FUNCTION = YES;
				GCC_WARN_UNUSED_VARIABLE = YES;
				IPHONEOS_DEPLOYMENT_TARGET = 11.3;
				MTL_ENABLE_DEBUG_INFO = NO;
				SDKROOT = iphoneos;
				SWIFT_COMPILATION_MODE = wholemodule;
				SWIFT_OPTIMIZATION_LEVEL = "-O";
				VALIDATE_PRODUCT = YES;
			};
			name = Release;
		};
		C11154FE20AD52430035ACEB /* Debug */ = {
			isa = XCBuildConfiguration;
			baseConfigurationReference = E48581FC94F6675E4BD02744 /* Pods-ShuttleBus.debug.xcconfig */;
			buildSettings = {
				ASSETCATALOG_COMPILER_APPICON_NAME = AppIcon;
				CODE_SIGN_STYLE = Automatic;
				DEVELOPMENT_TEAM = 9T73B6L4GQ;
				INFOPLIST_FILE = ShuttleBus/Info.plist;
				LD_RUNPATH_SEARCH_PATHS = (
					"$(inherited)",
					"@executable_path/Frameworks",
				);
				PRODUCT_BUNDLE_IDENTIFIER = com.chozinul.ShuttleBus;
				PRODUCT_NAME = "$(TARGET_NAME)";
				SWIFT_VERSION = 4.0;
				TARGETED_DEVICE_FAMILY = "1,2";
			};
			name = Debug;
		};
		C11154FF20AD52430035ACEB /* Release */ = {
			isa = XCBuildConfiguration;
			baseConfigurationReference = A35B46493B097A4CBD3FCA78 /* Pods-ShuttleBus.release.xcconfig */;
			buildSettings = {
				ASSETCATALOG_COMPILER_APPICON_NAME = AppIcon;
				CODE_SIGN_STYLE = Automatic;
				DEVELOPMENT_TEAM = 9T73B6L4GQ;
				INFOPLIST_FILE = ShuttleBus/Info.plist;
				LD_RUNPATH_SEARCH_PATHS = (
					"$(inherited)",
					"@executable_path/Frameworks",
				);
				PRODUCT_BUNDLE_IDENTIFIER = com.chozinul.ShuttleBus;
				PRODUCT_NAME = "$(TARGET_NAME)";
				SWIFT_VERSION = 4.0;
				TARGETED_DEVICE_FAMILY = "1,2";
			};
			name = Release;
		};
		C111550120AD52430035ACEB /* Debug */ = {
			isa = XCBuildConfiguration;
			baseConfigurationReference = 4A78A1D1D8D8FB8C877FAC75 /* Pods-ShuttleBusTests.debug.xcconfig */;
			buildSettings = {
				ALWAYS_EMBED_SWIFT_STANDARD_LIBRARIES = YES;
				BUNDLE_LOADER = "$(TEST_HOST)";
				CODE_SIGN_STYLE = Automatic;
				DEVELOPMENT_TEAM = 9T73B6L4GQ;
				INFOPLIST_FILE = ShuttleBusTests/Info.plist;
				LD_RUNPATH_SEARCH_PATHS = (
					"$(inherited)",
					"@executable_path/Frameworks",
					"@loader_path/Frameworks",
				);
				PRODUCT_BUNDLE_IDENTIFIER = com.chozinul.ShuttleBusTests;
				PRODUCT_NAME = "$(TARGET_NAME)";
				SWIFT_VERSION = 4.0;
				TARGETED_DEVICE_FAMILY = "1,2";
				TEST_HOST = "$(BUILT_PRODUCTS_DIR)/ShuttleBus.app/ShuttleBus";
			};
			name = Debug;
		};
		C111550220AD52430035ACEB /* Release */ = {
			isa = XCBuildConfiguration;
			baseConfigurationReference = 61677AF236F2B41AA7B36CDD /* Pods-ShuttleBusTests.release.xcconfig */;
			buildSettings = {
				ALWAYS_EMBED_SWIFT_STANDARD_LIBRARIES = YES;
				BUNDLE_LOADER = "$(TEST_HOST)";
				CODE_SIGN_STYLE = Automatic;
				DEVELOPMENT_TEAM = 9T73B6L4GQ;
				INFOPLIST_FILE = ShuttleBusTests/Info.plist;
				LD_RUNPATH_SEARCH_PATHS = (
					"$(inherited)",
					"@executable_path/Frameworks",
					"@loader_path/Frameworks",
				);
				PRODUCT_BUNDLE_IDENTIFIER = com.chozinul.ShuttleBusTests;
				PRODUCT_NAME = "$(TARGET_NAME)";
				SWIFT_VERSION = 4.0;
				TARGETED_DEVICE_FAMILY = "1,2";
				TEST_HOST = "$(BUILT_PRODUCTS_DIR)/ShuttleBus.app/ShuttleBus";
			};
			name = Release;
		};
/* End XCBuildConfiguration section */

/* Begin XCConfigurationList section */
		C11154DB20AD52420035ACEB /* Build configuration list for PBXProject "ShuttleBus" */ = {
			isa = XCConfigurationList;
			buildConfigurations = (
				C11154FB20AD52430035ACEB /* Debug */,
				C11154FC20AD52430035ACEB /* Release */,
			);
			defaultConfigurationIsVisible = 0;
			defaultConfigurationName = Release;
		};
		C11154FD20AD52430035ACEB /* Build configuration list for PBXNativeTarget "ShuttleBus" */ = {
			isa = XCConfigurationList;
			buildConfigurations = (
				C11154FE20AD52430035ACEB /* Debug */,
				C11154FF20AD52430035ACEB /* Release */,
			);
			defaultConfigurationIsVisible = 0;
			defaultConfigurationName = Release;
		};
		C111550020AD52430035ACEB /* Build configuration list for PBXNativeTarget "ShuttleBusTests" */ = {
			isa = XCConfigurationList;
			buildConfigurations = (
				C111550120AD52430035ACEB /* Debug */,
				C111550220AD52430035ACEB /* Release */,
			);
			defaultConfigurationIsVisible = 0;
			defaultConfigurationName = Release;
		};
/* End XCConfigurationList section */
	};
	rootObject = C11154D820AD52420035ACEB /* Project object */;
}
